{
  "nodes": {
    "bash-utils": {
      "inputs": {
        "nixpkgs": [
          "nixpkgs"
        ]
      },
      "locked": {
        "lastModified": 1706978470,
        "narHash": "sha256-VNoMS4qAEN+Qf5YVMT1or8tA650pbfwdVlxqm60dvwA=",
        "owner": "Unigurd",
        "repo": "bash-utils",
        "rev": "560fc7846fd2656987f2fab141c0a3e1c157801e",
        "type": "github"
      },
      "original": {
        "owner": "Unigurd",
        "repo": "bash-utils",
        "type": "github"
      }
    },
    "home-manager": {
      "inputs": {
        "nixpkgs": [
          "nixpkgs"
        ]
      },
      "locked": {
        "lastModified": 1756022458,
        "narHash": "sha256-J1i35r4HfNDdPpwL0vOBaZopQudAUVtartEerc1Jryc=",
        "owner": "nix-community",
        "repo": "home-manager",
        "rev": "9e3a33c0bcbc25619e540b9dfea372282f8a9740",
        "type": "github"
      },
      "original": {
        "owner": "nix-community",
        "repo": "home-manager",
        "type": "github"
      }
    },
    "isd": {
      "inputs": {
        "nixpkgs": [
          "nixpkgs"
        ],
        "pyproject-build-systems": "pyproject-build-systems",
        "pyproject-nix": "pyproject-nix",
        "systems": "systems",
        "uv2nix": "uv2nix"
      },
      "locked": {
        "lastModified": 1755459081,
        "narHash": "sha256-Cse7pJ3tBv3xnD78Tkx+A19FxwHuE1XKKnJegS+XfU0=",
        "owner": "isd-project",
        "repo": "isd",
        "rev": "03e4bdee53cb8329c78cd56e26679445b38884c2",
        "type": "github"
      },
      "original": {
        "owner": "isd-project",
        "repo": "isd",
        "type": "github"
      }
    },
    "nixos-hardware": {
      "locked": {
        "lastModified": 1755330281,
        "narHash": "sha256-aJHFJWP9AuI8jUGzI77LYcSlkA9wJnOIg4ZqftwNGXA=",
        "owner": "NixOS",
        "repo": "nixos-hardware",
        "rev": "3dac8a872557e0ca8c083cdcfc2f218d18e113b0",
        "type": "github"
      },
      "original": {
        "owner": "NixOS",
        "ref": "master",
        "repo": "nixos-hardware",
        "type": "github"
      }
    },
    "nixpkgs": {
      "locked": {
        "lastModified": 1756118288,
        "narHash": "sha256-czqPQM+Z7BD0eIZf9WndxHVdxHqxeWlSvolXcRuU57Y=",
        "owner": "NixOS",
        "repo": "nixpkgs",
        "rev": "2eaa301807ce06276863c949022d3aa7ab019d77",
        "type": "github"
      },
      "original": {
        "owner": "NixOS",
        "repo": "nixpkgs",
        "type": "github"
      }
    },
    "pyproject-build-systems": {
      "inputs": {
        "nixpkgs": [
          "isd",
          "nixpkgs"
        ],
        "pyproject-nix": [
          "isd",
          "pyproject-nix"
        ],
        "uv2nix": [
          "isd",
          "uv2nix"
        ]
      },
      "locked": {
        "lastModified": 1749519371,
        "narHash": "sha256-UJONN7mA2stweZCoRcry2aa1XTTBL0AfUOY84Lmqhos=",
        "owner": "pyproject-nix",
        "repo": "build-system-pkgs",
        "rev": "7c06967eca687f3482624250428cc12f43c92523",
        "type": "github"
      },
      "original": {
        "owner": "pyproject-nix",
        "repo": "build-system-pkgs",
        "type": "github"
      }
    },
    "pyproject-nix": {
      "inputs": {
        "nixpkgs": [
          "isd",
          "nixpkgs"
        ]
      },
      "locked": {
        "lastModified": 1751557494,
        "narHash": "sha256-dnueIffmEKtG0V4feifalsOYaHXXsrGMaoKI+4O7v/8=",
        "owner": "pyproject-nix",
        "repo": "pyproject.nix",
        "rev": "939ef94aea81c17bfd2f388465309eab76c45c37",
        "type": "github"
      },
      "original": {
        "owner": "pyproject-nix",
        "repo": "pyproject.nix",
        "type": "github"
      }
    },
    "root": {
      "inputs": {
        "bash-utils": "bash-utils",
        "home-manager": "home-manager",
        "isd": "isd",
        "nixos-hardware": "nixos-hardware",
        "nixpkgs": "nixpkgs"
      }
    },
    "systems": {
      "locked": {
        "lastModified": 1689347949,
        "narHash": "sha256-12tWmuL2zgBgZkdoB6qXZsgJEH9LR3oUgpaQq2RbI80=",
        "owner": "nix-systems",
        "repo": "default-linux",
        "rev": "31732fcf5e8fea42e59c2488ad31a0e651500f68",
        "type": "github"
      },
      "original": {
        "owner": "nix-systems",
        "repo": "default-linux",
        "type": "github"
      }
    },
    "uv2nix": {
      "inputs": {
        "nixpkgs": [
          "isd",
          "nixpkgs"
        ],
        "pyproject-nix": [
          "isd",
          "pyproject-nix"
        ]
      },
      "locked": {
        "lastModified": 1752195249,
        "narHash": "sha256-xJ4P6Ekm1tQTtUHboca+vqosXQZHPCDTYOq/HfZ6o1M=",
        "owner": "pyproject-nix",
        "repo": "uv2nix",
        "rev": "06b039bb2fa0bc57ac6e611e05de70d36bb1af8b",
        "type": "github"
      },
      "original": {
        "owner": "pyproject-nix",
        "repo": "uv2nix",
        "type": "github"
      }
    }
  },
  "root": "root",
  "version": 7
}
